
Microsoft Visual Studio Solution File, Format Version 12.00
# Visual Studio Version 16
VisualStudioVersion = 16.0.31624.102
MinimumVisualStudioVersion = 10.0.40219.1
Project("{FAE04EC0-301F-11D3-BF4B-00C04F79EFBC}") = "SimpleEdit", "SimpleEdit\SimpleEdit.csproj", "{0C507C5B-7066-4873-928D-040E13B6C62B}"
EndProject
Global
	GlobalSection(SolutionConfigurationPlatforms) = preSolution
		Debug|Any CPU = Debug|Any CPU
		Release|Any CPU = Release|Any CPU
	EndGlobalSection
	GlobalSection(ProjectConfigurationPlatforms) = postSolution
		{0C507C5B-7066-4873-928D-040E13B6C62B}.Debug|Any CPU.ActiveCfg = Debug|Any CPU
		{0C507C5B-7066-4873-928D-040E13B6C62B}.Debug|Any CPU.Build.0 = Debug|Any CPU
		{0C507C5B-7066-4873-928D-040E13B6C62B}.Release|Any CPU.ActiveCfg = Release|Any CPU
		{0C507C5B-7066-4873-928D-040E13B6C62B}.Release|Any CPU.Build.0 = Release|Any CPU
	EndGlobalSection
	GlobalSection(SolutionProperties) = preSolution
		HideSolutionNode = FALSE
	EndGlobalSection
	GlobalSection(ExtensibilityGlobals) = postSolution
		SolutionGuid = {7F9518C7-036A-408A-9DE2-E8B9E8113E91}
	EndGlobalSection
EndGlobal
